// !$*UTF8*$!
{
	archiveVersion = 1;
	classes = {
	};
	objectVersion = 46;
	objects = {

/* Begin PBXBuildFile section */
		D49E58721EEB24B100514869 /* AppDelegate.swift in Sources */ = {isa = PBXBuildFile; fileRef = D49E58711EEB24B100514869 /* AppDelegate.swift */; };
		D49E58741EEB24B100514869 /* ViewController.swift in Sources */ = {isa = PBXBuildFile; fileRef = D49E58731EEB24B100514869 /* ViewController.swift */; };
		D49E58771EEB24B100514869 /* Main.storyboard in Resources */ = {isa = PBXBuildFile; fileRef = D49E58751EEB24B100514869 /* Main.storyboard */; };
		D49E58791EEB24B100514869 /* Assets.xcassets in Resources */ = {isa = PBXBuildFile; fileRef = D49E58781EEB24B100514869 /* Assets.xcassets */; };
		D49E587C1EEB24B100514869 /* LaunchScreen.storyboard in Resources */ = {isa = PBXBuildFile; fileRef = D49E587A1EEB24B100514869 /* LaunchScreen.storyboard */; };
		D49E58871EEB24B100514869 /* TipAppTests.swift in Sources */ = {isa = PBXBuildFile; fileRef = D49E58861EEB24B100514869 /* TipAppTests.swift */; };
		D49E58921EEB24B100514869 /* TipAppUITests.swift in Sources */ = {isa = PBXBuildFile; fileRef = D49E58911EEB24B100514869 /* TipAppUITests.swift */; };
/* End PBXBuildFile section */

/* Begin PBXContainerItemProxy section */
		D49E58831EEB24B100514869 /* PBXContainerItemProxy */ = {
			isa = PBXContainerItemProxy;
			containerPortal = D49E58661EEB24B100514869 /* Project object */;
			proxyType = 1;
			remoteGlobalIDString = D49E586D1EEB24B100514869;
			remoteInfo = TipApp;
		};
		D49E588E1EEB24B100514869 /* PBXContainerItemProxy */ = {
			isa = PBXContainerItemProxy;
			containerPortal = D49E58661EEB24B100514869 /* Project object */;
			proxyType = 1;
			remoteGlobalIDString = D49E586D1EEB24B100514869;
			remoteInfo = TipApp;
		};
/* End PBXContainerItemProxy section */

/* Begin PBXFileReference section */
		D49E586E1EEB24B100514869 /* TipApp.app */ = {isa = PBXFileReference; explicitFileType = wrapper.application; includeInIndex = 0; path = TipApp.app; sourceTree = BUILT_PRODUCTS_DIR; };
		D49E58711EEB24B100514869 /* AppDelegate.swift */ = {isa = PBXFileReference; lastKnownFileType = sourcecode.swift; path = AppDelegate.swift; sourceTree = "<group>"; };
		D49E58731EEB24B100514869 /* ViewController.swift */ = {isa = PBXFileReference; lastKnownFileType = sourcecode.swift; path = ViewController.swift; sourceTree = "<group>"; };
		D49E58761EEB24B100514869 /* Base */ = {isa = PBXFileReference; lastKnownFileType = file.storyboard; name = Base; path = Base.lproj/Main.storyboard; sourceTree = "<group>"; };
		D49E58781EEB24B100514869 /* Assets.xcassets */ = {isa = PBXFileReference; lastKnownFileType = folder.assetcatalog; path = Assets.xcassets; sourceTree = "<group>"; };
		D49E587B1EEB24B100514869 /* Base */ = {isa = PBXFileReference; lastKnownFileType = file.storyboard; name = Base; path = Base.lproj/LaunchScreen.storyboard; sourceTree = "<group>"; };
		D49E587D1EEB24B100514869 /* Info.plist */ = {isa = PBXFileReference; lastKnownFileType = text.plist.xml; path = Info.plist; sourceTree = "<group>"; };
		D49E58821EEB24B100514869 /* TipAppTests.xctest */ = {isa = PBXFileReference; explicitFileType = wrapper.cfbundle; includeInIndex = 0; path = TipAppTests.xctest; sourceTree = BUILT_PRODUCTS_DIR; };
		D49E58861EEB24B100514869 /* TipAppTests.swift */ = {isa = PBXFileReference; lastKnownFileType = sourcecode.swift; path = TipAppTests.swift; sourceTree = "<group>"; };
		D49E58881EEB24B100514869 /* Info.plist */ = {isa = PBXFileReference; lastKnownFileType = text.plist.xml; path = Info.plist; sourceTree = "<group>"; };
		D49E588D1EEB24B100514869 /* TipAppUITests.xctest */ = {isa = PBXFileReference; explicitFileType = wrapper.cfbundle; includeInIndex = 0; path = TipAppUITests.xctest; sourceTree = BUILT_PRODUCTS_DIR; };
		D49E58911EEB24B100514869 /* TipAppUITests.swift */ = {isa = PBXFileReference; lastKnownFileType = sourcecode.swift; path = TipAppUITests.swift; sourceTree = "<group>"; };
		D49E58931EEB24B100514869 /* Info.plist */ = {isa = PBXFileReference; lastKnownFileType = text.plist.xml; path = Info.plist; sourceTree = "<group>"; };
/* End PBXFileReference section */

/* Begin PBXFrameworksBuildPhase section */
		D49E586B1EEB24B100514869 /* Frameworks */ = {
			isa = PBXFrameworksBuildPhase;
			buildActionMask = 2147483647;
			files = (
			);
			runOnlyForDeploymentPostprocessing = 0;
		};
		D49E587F1EEB24B100514869 /* Frameworks */ = {
			isa = PBXFrameworksBuildPhase;
			buildActionMask = 2147483647;
			files = (
			);
			runOnlyForDeploymentPostprocessing = 0;
		};
		D49E588A1EEB24B100514869 /* Frameworks */ = {
			isa = PBXFrameworksBuildPhase;
			buildActionMask = 2147483647;
			files = (
			);
			runOnlyForDeploymentPostprocessing = 0;
		};
/* End PBXFrameworksBuildPhase section */

/* Begin PBXGroup section */
		D49E58651EEB24B100514869 = {
			isa = PBXGroup;
			children = (
				D49E58701EEB24B100514869 /* TipApp */,
				D49E58851EEB24B100514869 /* TipAppTests */,
				D49E58901EEB24B100514869 /* TipAppUITests */,
				D49E586F1EEB24B100514869 /* Products */,
			);
			sourceTree = "<group>";
		};
		D49E586F1EEB24B100514869 /* Products */ = {
			isa = PBXGroup;
			children = (
				D49E586E1EEB24B100514869 /* TipApp.app */,
				D49E58821EEB24B100514869 /* TipAppTests.xctest */,
				D49E588D1EEB24B100514869 /* TipAppUITests.xctest */,
			);
			name = Products;
			sourceTree = "<group>";
		};
		D49E58701EEB24B100514869 /* TipApp */ = {
			isa = PBXGroup;
			children = (
				D49E58711EEB24B100514869 /* AppDelegate.swift */,
				D49E58731EEB24B100514869 /* ViewController.swift */,
				D49E58751EEB24B100514869 /* Main.storyboard */,
				D49E58781EEB24B100514869 /* Assets.xcassets */,
				D49E587A1EEB24B100514869 /* LaunchScreen.storyboard */,
				D49E587D1EEB24B100514869 /* Info.plist */,
			);
			path = TipApp;
			sourceTree = "<group>";
		};
		D49E58851EEB24B100514869 /* TipAppTests */ = {
			isa = PBXGroup;
			children = (
				D49E58861EEB24B100514869 /* TipAppTests.swift */,
				D49E58881EEB24B100514869 /* Info.plist */,
			);
			path = TipAppTests;
			sourceTree = "<group>";
		};
		D49E58901EEB24B100514869 /* TipAppUITests */ = {
			isa = PBXGroup;
			children = (
				D49E58911EEB24B100514869 /* TipAppUITests.swift */,
				D49E58931EEB24B100514869 /* Info.plist */,
			);
			path = TipAppUITests;
			sourceTree = "<group>";
		};
/* End PBXGroup section */

/* Begin PBXNativeTarget section */
		D49E586D1EEB24B100514869 /* TipApp */ = {
			isa = PBXNativeTarget;
			buildConfigurationList = D49E58961EEB24B100514869 /* Build configuration list for PBXNativeTarget "TipApp" */;
			buildPhases = (
				D49E586A1EEB24B100514869 /* Sources */,
				D49E586B1EEB24B100514869 /* Frameworks */,
				D49E586C1EEB24B100514869 /* Resources */,
			);
			buildRules = (
			);
			dependencies = (
			);
			name = TipApp;
			productName = TipApp;
			productReference = D49E586E1EEB24B100514869 /* TipApp.app */;
			productType = "com.apple.product-type.application";
		};
		D49E58811EEB24B100514869 /* TipAppTests */ = {
			isa = PBXNativeTarget;
			buildConfigurationList = D49E58991EEB24B100514869 /* Build configuration list for PBXNativeTarget "TipAppTests" */;
			buildPhases = (
				D49E587E1EEB24B100514869 /* Sources */,
				D49E587F1EEB24B100514869 /* Frameworks */,
				D49E58801EEB24B100514869 /* Resources */,
			);
			buildRules = (
			);
			dependencies = (
				D49E58841EEB24B100514869 /* PBXTargetDependency */,
			);
			name = TipAppTests;
			productName = TipAppTests;
			productReference = D49E58821EEB24B100514869 /* TipAppTests.xctest */;
			productType = "com.apple.product-type.bundle.unit-test";
		};
		D49E588C1EEB24B100514869 /* TipAppUITests */ = {
			isa = PBXNativeTarget;
			buildConfigurationList = D49E589C1EEB24B100514869 /* Build configuration list for PBXNativeTarget "TipAppUITests" */;
			buildPhases = (
				D49E58891EEB24B100514869 /* Sources */,
				D49E588A1EEB24B100514869 /* Frameworks */,
				D49E588B1EEB24B100514869 /* Resources */,
			);
			buildRules = (
			);
			dependencies = (
				D49E588F1EEB24B100514869 /* PBXTargetDependency */,
			);
			name = TipAppUITests;
			productName = TipAppUITests;
			productReference = D49E588D1EEB24B100514869 /* TipAppUITests.xctest */;
			productType = "com.apple.product-type.bundle.ui-testing";
		};
/* End PBXNativeTarget section */

/* Begin PBXProject section */
		D49E58661EEB24B100514869 /* Project object */ = {
			isa = PBXProject;
			attributes = {
				LastSwiftUpdateCheck = 0830;
				LastUpgradeCheck = 0830;
				ORGANIZATIONNAME = "Robert Wong";
				TargetAttributes = {
					D49E586D1EEB24B100514869 = {
						CreatedOnToolsVersion = 8.3.2;
						ProvisioningStyle = Automatic;
					};
					D49E58811EEB24B100514869 = {
						CreatedOnToolsVersion = 8.3.2;
						ProvisioningStyle = Automatic;
						TestTargetID = D49E586D1EEB24B100514869;
					};
					D49E588C1EEB24B100514869 = {
						CreatedOnToolsVersion = 8.3.2;
						ProvisioningStyle = Automatic;
						TestTargetID = D49E586D1EEB24B100514869;
					};
				};
			};
			buildConfigurationList = D49E58691EEB24B100514869 /* Build configuration list for PBXProject "TipApp" */;
			compatibilityVersion = "Xcode 3.2";
			developmentRegion = English;
			hasScannedForEncodings = 0;
			knownRegions = (
				en,
				Base,
			);
			mainGroup = D49E58651EEB24B100514869;
			productRefGroup = D49E586F1EEB24B100514869 /* Products */;
			projectDirPath = "";
			projectRoot = "";
			targets = (
				D49E586D1EEB24B100514869 /* TipApp */,
				D49E58811EEB24B100514869 /* TipAppTests */,
				D49E588C1EEB24B100514869 /* TipAppUITests */,
			);
		};
/* End PBXProject section */

/* Begin PBXResourcesBuildPhase section */
		D49E586C1EEB24B100514869 /* Resources */ = {
			isa = PBXResourcesBuildPhase;
			buildActionMask = 2147483647;
			files = (
				D49E587C1EEB24B100514869 /* LaunchScreen.storyboard in Resources */,
				D49E58791EEB24B100514869 /* Assets.xcassets in Resources */,
				D49E58771EEB24B100514869 /* Main.storyboard in Resources */,
			);
			runOnlyForDeploymentPostprocessing = 0;
		};
		D49E58801EEB24B100514869 /* Resources */ = {
			isa = PBXResourcesBuildPhase;
			buildActionMask = 2147483647;
			files = (
			);
			runOnlyForDeploymentPostprocessing = 0;
		};
		D49E588B1EEB24B100514869 /* Resources */ = {
			isa = PBXResourcesBuildPhase;
			buildActionMask = 2147483647;
			files = (
			);
			runOnlyForDeploymentPostprocessing = 0;
		};
/* End PBXResourcesBuildPhase section */

/* Begin PBXSourcesBuildPhase section */
		D49E586A1EEB24B100514869 /* Sources */ = {
			isa = PBXSourcesBuildPhase;
			buildActionMask = 2147483647;
			files = (
				D49E58741EEB24B100514869 /* ViewController.swift in Sources */,
				D49E58721EEB24B100514869 /* AppDelegate.swift in Sources */,
			);
			runOnlyForDeploymentPostprocessing = 0;
		};
		D49E587E1EEB24B100514869 /* Sources */ = {
			isa = PBXSourcesBuildPhase;
			buildActionMask = 2147483647;
			files = (
				D49E58871EEB24B100514869 /* TipAppTests.swift in Sources */,
			);
			runOnlyForDeploymentPostprocessing = 0;
		};
		D49E58891EEB24B100514869 /* Sources */ = {
			isa = PBXSourcesBuildPhase;
			buildActionMask = 2147483647;
			files = (
				D49E58921EEB24B100514869 /* TipAppUITests.swift in Sources */,
			);
			runOnlyForDeploymentPostprocessing = 0;
		};
/* End PBXSourcesBuildPhase section */

/* Begin PBXTargetDependency section */
		D49E58841EEB24B100514869 /* PBXTargetDependency */ = {
			isa = PBXTargetDependency;
			target = D49E586D1EEB24B100514869 /* TipApp */;
			targetProxy = D49E58831EEB24B100514869 /* PBXContainerItemProxy */;
		};
		D49E588F1EEB24B100514869 /* PBXTargetDependency */ = {
			isa = PBXTargetDependency;
			target = D49E586D1EEB24B100514869 /* TipApp */;
			targetProxy = D49E588E1EEB24B100514869 /* PBXContainerItemProxy */;
		};
/* End PBXTargetDependency section */

/* Begin PBXVariantGroup section */
		D49E58751EEB24B100514869 /* Main.storyboard */ = {
			isa = PBXVariantGroup;
			children = (
				D49E58761EEB24B100514869 /* Base */,
			);
			name = Main.storyboard;
			sourceTree = "<group>";
		};
		D49E587A1EEB24B100514869 /* LaunchScreen.storyboard */ = {
			isa = PBXVariantGroup;
			children = (
				D49E587B1EEB24B100514869 /* Base */,
			);
			name = LaunchScreen.storyboard;
			sourceTree = "<group>";
		};
/* End PBXVariantGroup section */

/* Begin XCBuildConfiguration section */
		D49E58941EEB24B100514869 /* Debug */ = {
			isa = XCBuildConfiguration;
			buildSettings = {
				ALWAYS_SEARCH_USER_PATHS = NO;
				CLANG_ANALYZER_NONNULL = YES;
				CLANG_ANALYZER_NUMBER_OBJECT_CONVERSION = YES_AGGRESSIVE;
				CLANG_CXX_LANGUAGE_STANDARD = "gnu++0x";
				CLANG_CXX_LIBRARY = "libc++";
				CLANG_ENABLE_MODULES = YES;
				CLANG_ENABLE_OBJC_ARC = YES;
				CLANG_WARN_BOOL_CONVERSION = YES;
				CLANG_WARN_CONSTANT_CONVERSION = YES;
				CLANG_WARN_DIRECT_OBJC_ISA_USAGE = YES_ERROR;
				CLANG_WARN_DOCUMENTATION_COMMENTS = YES;
				CLANG_WARN_EMPTY_BODY = YES;
				CLANG_WARN_ENUM_CONVERSION = YES;
				CLANG_WARN_INFINITE_RECURSION = YES;
				CLANG_WARN_INT_CONVERSION = YES;
				CLANG_WARN_OBJC_ROOT_CLASS = YES_ERROR;
				CLANG_WARN_SUSPICIOUS_MOVE = YES;
				CLANG_WARN_UNREACHABLE_CODE = YES;
				CLANG_WARN__DUPLICATE_METHOD_MATCH = YES;
				"CODE_SIGN_IDENTITY[sdk=iphoneos*]" = "iPhone Developer";
				COPY_PHASE_STRIP = NO;
				DEBUG_INFORMATION_FORMAT = dwarf;
				ENABLE_STRICT_OBJC_MSGSEND = YES;
				ENABLE_TESTABILITY = YES;
				GCC_C_LANGUAGE_STANDARD = gnu99;
				GCC_DYNAMIC_NO_PIC = NO;
				GCC_NO_COMMON_BLOCKS = YES;
				GCC_OPTIMIZATION_LEVEL = 0;
				GCC_PREPROCESSOR_DEFINITIONS = (
					"DEBUG=1",
					"$(inherited)",
				);
				GCC_WARN_64_TO_32_BIT_CONVERSION = YES;
				GCC_WARN_ABOUT_RETURN_TYPE = YES_ERROR;
				GCC_WARN_UNDECLARED_SELECTOR = YES;
				GCC_WARN_UNINITIALIZED_AUTOS = YES_AGGRESSIVE;
				GCC_WARN_UNUSED_FUNCTION = YES;
				GCC_WARN_UNUSED_VARIABLE = YES;
				IPHONEOS_DEPLOYMENT_TARGET = 10.3;
				MTL_ENABLE_DEBUG_INFO = YES;
				ONLY_ACTIVE_ARCH = YES;
				SDKROOT = iphoneos;
				SWIFT_ACTIVE_COMPILATION_CONDITIONS = DEBUG;
				SWIFT_OPTIMIZATION_LEVEL = "-Onone";
				TARGETED_DEVICE_FAMILY = "1,2";
			};
			name = Debug;
		};
		D49E58951EEB24B100514869 /* Release */ = {
			isa = XCBuildConfiguration;
			buildSettings = {
				ALWAYS_SEARCH_USER_PATHS = NO;
				CLANG_ANALYZER_NONNULL = YES;
				CLANG_ANALYZER_NUMBER_OBJECT_CONVERSION = YES_AGGRESSIVE;
				CLANG_CXX_LANGUAGE_STANDARD = "gnu++0x";
				CLANG_CXX_LIBRARY = "libc++";
				CLANG_ENABLE_MODULES = YES;
				CLANG_ENABLE_OBJC_ARC = YES;
				CLANG_WARN_BOOL_CONVERSION = YES;
				CLANG_WARN_CONSTANT_CONVERSION = YES;
				CLANG_WARN_DIRECT_OBJC_ISA_USAGE = YES_ERROR;
				CLANG_WARN_DOCUMENTATION_COMMENTS = YES;
				CLANG_WARN_EMPTY_BODY = YES;
				CLANG_WARN_ENUM_CONVERSION = YES;
				CLANG_WARN_INFINITE_RECURSION = YES;
				CLANG_WARN_INT_CONVERSION = YES;
				CLANG_WARN_OBJC_ROOT_CLASS = YES_ERROR;
				CLANG_WARN_SUSPICIOUS_MOVE = YES;
				CLANG_WARN_UNREACHABLE_CODE = YES;
				CLANG_WARN__DUPLICATE_METHOD_MATCH = YES;
				"CODE_SIGN_IDENTITY[sdk=iphoneos*]" = "iPhone Developer";
				COPY_PHASE_STRIP = NO;
				DEBUG_INFORMATION_FORMAT = "dwarf-with-dsym";
				ENABLE_NS_ASSERTIONS = NO;
				ENABLE_STRICT_OBJC_MSGSEND = YES;
				GCC_C_LANGUAGE_STANDARD = gnu99;
				GCC_NO_COMMON_BLOCKS = YES;
				GCC_WARN_64_TO_32_BIT_CONVERSION = YES;
				GCC_WARN_ABOUT_RETURN_TYPE = YES_ERROR;
				GCC_WARN_UNDECLARED_SELECTOR = YES;
				GCC_WARN_UNINITIALIZED_AUTOS = YES_AGGRESSIVE;
				GCC_WARN_UNUSED_FUNCTION = YES;
				GCC_WARN_UNUSED_VARIABLE = YES;
				IPHONEOS_DEPLOYMENT_TARGET = 10.3;
				MTL_ENABLE_DEBUG_INFO = NO;
				SDKROOT = iphoneos;
				SWIFT_OPTIMIZATION_LEVEL = "-Owholemodule";
				TARGETED_DEVICE_FAMILY = "1,2";
				VALIDATE_PRODUCT = YES;
			};
			name = Release;
		};
		D49E58971EEB24B100514869 /* Debug */ = {
			isa = XCBuildConfiguration;
			buildSettings = {
				ASSETCATALOG_COMPILER_APPICON_NAME = AppIcon;
				INFOPLIST_FILE = TipApp/Info.plist;
				LD_RUNPATH_SEARCH_PATHS = "$(inherited) @executable_path/Frameworks";
				PRODUCT_BUNDLE_IDENTIFIER = com.TipApp;
				PRODUCT_NAME = "$(TARGET_NAME)";
				SWIFT_VERSION = 3.0;
			};
			name = Debug;
		};
		D49E58981EEB24B100514869 /* Release */ = {
			isa = XCBuildConfiguration;
			buildSettings = {
				ASSETCATALOG_COMPILER_APPICON_NAME = AppIcon;
				INFOPLIST_FILE = TipApp/Info.plist;
				LD_RUNPATH_SEARCH_PATHS = "$(inherited) @executable_path/Frameworks";
				PRODUCT_BUNDLE_IDENTIFIER = com.TipApp;
				PRODUCT_NAME = "$(TARGET_NAME)";
				SWIFT_VERSION = 3.0;
			};
			name = Release;
		};
		D49E589A1EEB24B100514869 /* Debug */ = {
			isa = XCBuildConfiguration;
			buildSettings = {
				ALWAYS_EMBED_SWIFT_STANDARD_LIBRARIES = YES;
				BUNDLE_LOADER = "$(TEST_HOST)";
				INFOPLIST_FILE = TipAppTests/Info.plist;
				LD_RUNPATH_SEARCH_PATHS = "$(inherited) @executable_path/Frameworks @loader_path/Frameworks";
				PRODUCT_BUNDLE_IDENTIFIER = com.TipAppTests;
				PRODUCT_NAME = "$(TARGET_NAME)";
				SWIFT_VERSION = 3.0;
				TEST_HOST = "$(BUILT_PRODUCTS_DIR)/TipApp.app/TipApp";
			};
			name = Debug;
		};
		D49E589B1EEB24B100514869 /* Release */ = {
			isa = XCBuildConfiguration;
			buildSettings = {
				ALWAYS_EMBED_SWIFT_STANDARD_LIBRARIES = YES;
				BUNDLE_LOADER = "$(TEST_HOST)";
				INFOPLIST_FILE = TipAppTests/Info.plist;
				LD_RUNPATH_SEARCH_PATHS = "$(inherited) @executable_path/Frameworks @loader_path/Frameworks";
				PRODUCT_BUNDLE_IDENTIFIER = com.TipAppTests;
				PRODUCT_NAME = "$(TARGET_NAME)";
				SWIFT_VERSION = 3.0;
				TEST_HOST = "$(BUILT_PRODUCTS_DIR)/TipApp.app/TipApp";
			};
			name = Release;
		};
		D49E589D1EEB24B100514869 /* Debug */ = {
			isa = XCBuildConfiguration;
			buildSettings = {
				ALWAYS_EMBED_SWIFT_STANDARD_LIBRARIES = YES;
				INFOPLIST_FILE = TipAppUITests/Info.plist;
				LD_RUNPATH_SEARCH_PATHS = "$(inherited) @executable_path/Frameworks @loader_path/Frameworks";
				PRODUCT_BUNDLE_IDENTIFIER = com.TipAppUITests;
				PRODUCT_NAME = "$(TARGET_NAME)";
				SWIFT_VERSION = 3.0;
				TEST_TARGET_NAME = TipApp;
			};
			name = Debug;
		};
		D49E589E1EEB24B100514869 /* Release */ = {
			isa = XCBuildConfiguration;
			buildSettings = {
				ALWAYS_EMBED_SWIFT_STANDARD_LIBRARIES = YES;
				INFOPLIST_FILE = TipAppUITests/Info.plist;
				LD_RUNPATH_SEARCH_PATHS = "$(inherited) @executable_path/Frameworks @loader_path/Frameworks";
				PRODUCT_BUNDLE_IDENTIFIER = com.TipAppUITests;
				PRODUCT_NAME = "$(TARGET_NAME)";
				SWIFT_VERSION = 3.0;
				TEST_TARGET_NAME = TipApp;
			};
			name = Release;
		};
/* End XCBuildConfiguration section */

/* Begin XCConfigurationList section */
		D49E58691EEB24B100514869 /* Build configuration list for PBXProject "TipApp" */ = {
			isa = XCConfigurationList;
			buildConfigurations = (
				D49E58941EEB24B100514869 /* Debug */,
				D49E58951EEB24B100514869 /* Release */,
			);
			defaultConfigurationIsVisible = 0;
			defaultConfigurationName = Release;
		};
		D49E58961EEB24B100514869 /* Build configuration list for PBXNativeTarget "TipApp" */ = {
			isa = XCConfigurationList;
			buildConfigurations = (
				D49E58971EEB24B100514869 /* Debug */,
				D49E58981EEB24B100514869 /* Release */,
			);
			defaultConfigurationIsVisible = 0;
		};
		D49E58991EEB24B100514869 /* Build configuration list for PBXNativeTarget "TipAppTests" */ = {
			isa = XCConfigurationList;
			buildConfigurations = (
				D49E589A1EEB24B100514869 /* Debug */,
				D49E589B1EEB24B100514869 /* Release */,
			);
			defaultConfigurationIsVisible = 0;
		};
		D49E589C1EEB24B100514869 /* Build configuration list for PBXNativeTarget "TipAppUITests" */ = {
			isa = XCConfigurationList;
			buildConfigurations = (
				D49E589D1EEB24B100514869 /* Debug */,
				D49E589E1EEB24B100514869 /* Release */,
			);
			defaultConfigurationIsVisible = 0;
		};
/* End XCConfigurationList section */
	};
	rootObject = D49E58661EEB24B100514869 /* Project object */;
}
