// !$*UTF8*$!
{
	archiveVersion = 1;
	classes = {
	};
	objectVersion = 46;
	objects = {

/* Begin PBXBuildFile section */
		D4B36A9A1ECE2F6400E485ED /* ConversionViewController.swift in Sources */ = {isa = PBXBuildFile; fileRef = D4B36A991ECE2F6400E485ED /* ConversionViewController.swift */; };
		D4B36A9D1ED37A4C00E485ED /* MapKit.framework in Frameworks */ = {isa = PBXBuildFile; fileRef = D4B36A9C1ED37A4C00E485ED /* MapKit.framework */; };
		D4B36A9F1ED3837000E485ED /* MapViewController.swift in Sources */ = {isa = PBXBuildFile; fileRef = D4B36A9E1ED3837000E485ED /* MapViewController.swift */; };
		D4D4435B1ECB53FA00703F08 /* AppDelegate.swift in Sources */ = {isa = PBXBuildFile; fileRef = D4D4435A1ECB53FA00703F08 /* AppDelegate.swift */; };
		D4D443601ECB53FA00703F08 /* Main.storyboard in Resources */ = {isa = PBXBuildFile; fileRef = D4D4435E1ECB53FA00703F08 /* Main.storyboard */; };
		D4D443621ECB53FA00703F08 /* Assets.xcassets in Resources */ = {isa = PBXBuildFile; fileRef = D4D443611ECB53FA00703F08 /* Assets.xcassets */; };
		D4D443651ECB53FA00703F08 /* LaunchScreen.storyboard in Resources */ = {isa = PBXBuildFile; fileRef = D4D443631ECB53FA00703F08 /* LaunchScreen.storyboard */; };
		D4D443701ECB53FA00703F08 /* WorldTrotterTests.swift in Sources */ = {isa = PBXBuildFile; fileRef = D4D4436F1ECB53FA00703F08 /* WorldTrotterTests.swift */; };
		D4D4437B1ECB53FA00703F08 /* WorldTrotterUITests.swift in Sources */ = {isa = PBXBuildFile; fileRef = D4D4437A1ECB53FA00703F08 /* WorldTrotterUITests.swift */; };
		D4E824BD1EDDF6F900DFCCC0 /* WebKit.framework in Frameworks */ = {isa = PBXBuildFile; fileRef = D4E824BC1EDDF6F900DFCCC0 /* WebKit.framework */; };
		D4E824BF1EDDF74600DFCCC0 /* WebViewController.swift in Sources */ = {isa = PBXBuildFile; fileRef = D4E824BE1EDDF74600DFCCC0 /* WebViewController.swift */; };
/* End PBXBuildFile section */

/* Begin PBXContainerItemProxy section */
		D4D4436C1ECB53FA00703F08 /* PBXContainerItemProxy */ = {
			isa = PBXContainerItemProxy;
			containerPortal = D4D4434F1ECB53FA00703F08 /* Project object */;
			proxyType = 1;
			remoteGlobalIDString = D4D443561ECB53FA00703F08;
			remoteInfo = WorldTrotter;
		};
		D4D443771ECB53FA00703F08 /* PBXContainerItemProxy */ = {
			isa = PBXContainerItemProxy;
			containerPortal = D4D4434F1ECB53FA00703F08 /* Project object */;
			proxyType = 1;
			remoteGlobalIDString = D4D443561ECB53FA00703F08;
			remoteInfo = WorldTrotter;
		};
/* End PBXContainerItemProxy section */

/* Begin PBXFileReference section */
		D4B36A991ECE2F6400E485ED /* ConversionViewController.swift */ = {isa = PBXFileReference; fileEncoding = 4; lastKnownFileType = sourcecode.swift; name = ConversionViewController.swift; path = ../ConversionViewController.swift; sourceTree = "<group>"; };
		D4B36A9C1ED37A4C00E485ED /* MapKit.framework */ = {isa = PBXFileReference; lastKnownFileType = wrapper.framework; name = MapKit.framework; path = System/Library/Frameworks/MapKit.framework; sourceTree = SDKROOT; };
		D4B36A9E1ED3837000E485ED /* MapViewController.swift */ = {isa = PBXFileReference; fileEncoding = 4; lastKnownFileType = sourcecode.swift; path = MapViewController.swift; sourceTree = "<group>"; };
		D4D443571ECB53FA00703F08 /* WorldTrotter.app */ = {isa = PBXFileReference; explicitFileType = wrapper.application; includeInIndex = 0; path = WorldTrotter.app; sourceTree = BUILT_PRODUCTS_DIR; };
		D4D4435A1ECB53FA00703F08 /* AppDelegate.swift */ = {isa = PBXFileReference; lastKnownFileType = sourcecode.swift; path = AppDelegate.swift; sourceTree = "<group>"; };
		D4D4435F1ECB53FA00703F08 /* Base */ = {isa = PBXFileReference; lastKnownFileType = file.storyboard; name = Base; path = Base.lproj/Main.storyboard; sourceTree = "<group>"; };
		D4D443611ECB53FA00703F08 /* Assets.xcassets */ = {isa = PBXFileReference; lastKnownFileType = folder.assetcatalog; path = Assets.xcassets; sourceTree = "<group>"; };
		D4D443641ECB53FA00703F08 /* Base */ = {isa = PBXFileReference; lastKnownFileType = file.storyboard; name = Base; path = Base.lproj/LaunchScreen.storyboard; sourceTree = "<group>"; };
		D4D443661ECB53FA00703F08 /* Info.plist */ = {isa = PBXFileReference; lastKnownFileType = text.plist.xml; path = Info.plist; sourceTree = "<group>"; };
		D4D4436B1ECB53FA00703F08 /* WorldTrotterTests.xctest */ = {isa = PBXFileReference; explicitFileType = wrapper.cfbundle; includeInIndex = 0; path = WorldTrotterTests.xctest; sourceTree = BUILT_PRODUCTS_DIR; };
		D4D4436F1ECB53FA00703F08 /* WorldTrotterTests.swift */ = {isa = PBXFileReference; lastKnownFileType = sourcecode.swift; path = WorldTrotterTests.swift; sourceTree = "<group>"; };
		D4D443711ECB53FA00703F08 /* Info.plist */ = {isa = PBXFileReference; lastKnownFileType = text.plist.xml; path = Info.plist; sourceTree = "<group>"; };
		D4D443761ECB53FA00703F08 /* WorldTrotterUITests.xctest */ = {isa = PBXFileReference; explicitFileType = wrapper.cfbundle; includeInIndex = 0; path = WorldTrotterUITests.xctest; sourceTree = BUILT_PRODUCTS_DIR; };
		D4D4437A1ECB53FA00703F08 /* WorldTrotterUITests.swift */ = {isa = PBXFileReference; lastKnownFileType = sourcecode.swift; path = WorldTrotterUITests.swift; sourceTree = "<group>"; };
		D4D4437C1ECB53FA00703F08 /* Info.plist */ = {isa = PBXFileReference; lastKnownFileType = text.plist.xml; path = Info.plist; sourceTree = "<group>"; };
		D4E824BC1EDDF6F900DFCCC0 /* WebKit.framework */ = {isa = PBXFileReference; lastKnownFileType = wrapper.framework; name = WebKit.framework; path = System/Library/Frameworks/WebKit.framework; sourceTree = SDKROOT; };
		D4E824BE1EDDF74600DFCCC0 /* WebViewController.swift */ = {isa = PBXFileReference; fileEncoding = 4; lastKnownFileType = sourcecode.swift; path = WebViewController.swift; sourceTree = "<group>"; };
/* End PBXFileReference section */

/* Begin PBXFrameworksBuildPhase section */
		D4D443541ECB53FA00703F08 /* Frameworks */ = {
			isa = PBXFrameworksBuildPhase;
			buildActionMask = 2147483647;
			files = (
				D4E824BD1EDDF6F900DFCCC0 /* WebKit.framework in Frameworks */,
				D4B36A9D1ED37A4C00E485ED /* MapKit.framework in Frameworks */,
			);
			runOnlyForDeploymentPostprocessing = 0;
		};
		D4D443681ECB53FA00703F08 /* Frameworks */ = {
			isa = PBXFrameworksBuildPhase;
			buildActionMask = 2147483647;
			files = (
			);
			runOnlyForDeploymentPostprocessing = 0;
		};
		D4D443731ECB53FA00703F08 /* Frameworks */ = {
			isa = PBXFrameworksBuildPhase;
			buildActionMask = 2147483647;
			files = (
			);
			runOnlyForDeploymentPostprocessing = 0;
		};
/* End PBXFrameworksBuildPhase section */

/* Begin PBXGroup section */
		D4B36A9B1ED37A4C00E485ED /* Frameworks */ = {
			isa = PBXGroup;
			children = (
				D4E824BC1EDDF6F900DFCCC0 /* WebKit.framework */,
				D4B36A9C1ED37A4C00E485ED /* MapKit.framework */,
			);
			name = Frameworks;
			sourceTree = "<group>";
		};
		D4D4434E1ECB53FA00703F08 = {
			isa = PBXGroup;
			children = (
				D4D443591ECB53FA00703F08 /* WorldTrotter */,
				D4D4436E1ECB53FA00703F08 /* WorldTrotterTests */,
				D4D443791ECB53FA00703F08 /* WorldTrotterUITests */,
				D4D443581ECB53FA00703F08 /* Products */,
				D4B36A9B1ED37A4C00E485ED /* Frameworks */,
			);
			sourceTree = "<group>";
		};
		D4D443581ECB53FA00703F08 /* Products */ = {
			isa = PBXGroup;
			children = (
				D4D443571ECB53FA00703F08 /* WorldTrotter.app */,
				D4D4436B1ECB53FA00703F08 /* WorldTrotterTests.xctest */,
				D4D443761ECB53FA00703F08 /* WorldTrotterUITests.xctest */,
			);
			name = Products;
			sourceTree = "<group>";
		};
		D4D443591ECB53FA00703F08 /* WorldTrotter */ = {
			isa = PBXGroup;
			children = (
				D4D4435A1ECB53FA00703F08 /* AppDelegate.swift */,
				D4B36A991ECE2F6400E485ED /* ConversionViewController.swift */,
				D4D4435E1ECB53FA00703F08 /* Main.storyboard */,
				D4E824BE1EDDF74600DFCCC0 /* WebViewController.swift */,
				D4B36A9E1ED3837000E485ED /* MapViewController.swift */,
				D4D443611ECB53FA00703F08 /* Assets.xcassets */,
				D4D443631ECB53FA00703F08 /* LaunchScreen.storyboard */,
				D4D443661ECB53FA00703F08 /* Info.plist */,
			);
			path = WorldTrotter;
			sourceTree = "<group>";
		};
		D4D4436E1ECB53FA00703F08 /* WorldTrotterTests */ = {
			isa = PBXGroup;
			children = (
				D4D4436F1ECB53FA00703F08 /* WorldTrotterTests.swift */,
				D4D443711ECB53FA00703F08 /* Info.plist */,
			);
			path = WorldTrotterTests;
			sourceTree = "<group>";
		};
		D4D443791ECB53FA00703F08 /* WorldTrotterUITests */ = {
			isa = PBXGroup;
			children = (
				D4D4437A1ECB53FA00703F08 /* WorldTrotterUITests.swift */,
				D4D4437C1ECB53FA00703F08 /* Info.plist */,
			);
			path = WorldTrotterUITests;
			sourceTree = "<group>";
		};
/* End PBXGroup section */

/* Begin PBXNativeTarget section */
		D4D443561ECB53FA00703F08 /* WorldTrotter */ = {
			isa = PBXNativeTarget;
			buildConfigurationList = D4D4437F1ECB53FA00703F08 /* Build configuration list for PBXNativeTarget "WorldTrotter" */;
			buildPhases = (
				D4D443531ECB53FA00703F08 /* Sources */,
				D4D443541ECB53FA00703F08 /* Frameworks */,
				D4D443551ECB53FA00703F08 /* Resources */,
			);
			buildRules = (
			);
			dependencies = (
			);
			name = WorldTrotter;
			productName = WorldTrotter;
			productReference = D4D443571ECB53FA00703F08 /* WorldTrotter.app */;
			productType = "com.apple.product-type.application";
		};
		D4D4436A1ECB53FA00703F08 /* WorldTrotterTests */ = {
			isa = PBXNativeTarget;
			buildConfigurationList = D4D443821ECB53FA00703F08 /* Build configuration list for PBXNativeTarget "WorldTrotterTests" */;
			buildPhases = (
				D4D443671ECB53FA00703F08 /* Sources */,
				D4D443681ECB53FA00703F08 /* Frameworks */,
				D4D443691ECB53FA00703F08 /* Resources */,
			);
			buildRules = (
			);
			dependencies = (
				D4D4436D1ECB53FA00703F08 /* PBXTargetDependency */,
			);
			name = WorldTrotterTests;
			productName = WorldTrotterTests;
			productReference = D4D4436B1ECB53FA00703F08 /* WorldTrotterTests.xctest */;
			productType = "com.apple.product-type.bundle.unit-test";
		};
		D4D443751ECB53FA00703F08 /* WorldTrotterUITests */ = {
			isa = PBXNativeTarget;
			buildConfigurationList = D4D443851ECB53FA00703F08 /* Build configuration list for PBXNativeTarget "WorldTrotterUITests" */;
			buildPhases = (
				D4D443721ECB53FA00703F08 /* Sources */,
				D4D443731ECB53FA00703F08 /* Frameworks */,
				D4D443741ECB53FA00703F08 /* Resources */,
			);
			buildRules = (
			);
			dependencies = (
				D4D443781ECB53FA00703F08 /* PBXTargetDependency */,
			);
			name = WorldTrotterUITests;
			productName = WorldTrotterUITests;
			productReference = D4D443761ECB53FA00703F08 /* WorldTrotterUITests.xctest */;
			productType = "com.apple.product-type.bundle.ui-testing";
		};
/* End PBXNativeTarget section */

/* Begin PBXProject section */
		D4D4434F1ECB53FA00703F08 /* Project object */ = {
			isa = PBXProject;
			attributes = {
				LastSwiftUpdateCheck = 0830;
				LastUpgradeCheck = 0830;
				ORGANIZATIONNAME = "Robert Wong";
				TargetAttributes = {
					D4D443561ECB53FA00703F08 = {
						CreatedOnToolsVersion = 8.3.2;
						ProvisioningStyle = Automatic;
					};
					D4D4436A1ECB53FA00703F08 = {
						CreatedOnToolsVersion = 8.3.2;
						ProvisioningStyle = Automatic;
						TestTargetID = D4D443561ECB53FA00703F08;
					};
					D4D443751ECB53FA00703F08 = {
						CreatedOnToolsVersion = 8.3.2;
						ProvisioningStyle = Automatic;
						TestTargetID = D4D443561ECB53FA00703F08;
					};
				};
			};
			buildConfigurationList = D4D443521ECB53FA00703F08 /* Build configuration list for PBXProject "WorldTrotter" */;
			compatibilityVersion = "Xcode 3.2";
			developmentRegion = English;
			hasScannedForEncodings = 0;
			knownRegions = (
				en,
				Base,
			);
			mainGroup = D4D4434E1ECB53FA00703F08;
			productRefGroup = D4D443581ECB53FA00703F08 /* Products */;
			projectDirPath = "";
			projectRoot = "";
			targets = (
				D4D443561ECB53FA00703F08 /* WorldTrotter */,
				D4D4436A1ECB53FA00703F08 /* WorldTrotterTests */,
				D4D443751ECB53FA00703F08 /* WorldTrotterUITests */,
			);
		};
/* End PBXProject section */

/* Begin PBXResourcesBuildPhase section */
		D4D443551ECB53FA00703F08 /* Resources */ = {
			isa = PBXResourcesBuildPhase;
			buildActionMask = 2147483647;
			files = (
				D4D443651ECB53FA00703F08 /* LaunchScreen.storyboard in Resources */,
				D4D443621ECB53FA00703F08 /* Assets.xcassets in Resources */,
				D4D443601ECB53FA00703F08 /* Main.storyboard in Resources */,
			);
			runOnlyForDeploymentPostprocessing = 0;
		};
		D4D443691ECB53FA00703F08 /* Resources */ = {
			isa = PBXResourcesBuildPhase;
			buildActionMask = 2147483647;
			files = (
			);
			runOnlyForDeploymentPostprocessing = 0;
		};
		D4D443741ECB53FA00703F08 /* Resources */ = {
			isa = PBXResourcesBuildPhase;
			buildActionMask = 2147483647;
			files = (
			);
			runOnlyForDeploymentPostprocessing = 0;
		};
/* End PBXResourcesBuildPhase section */

/* Begin PBXSourcesBuildPhase section */
		D4D443531ECB53FA00703F08 /* Sources */ = {
			isa = PBXSourcesBuildPhase;
			buildActionMask = 2147483647;
			files = (
				D4B36A9A1ECE2F6400E485ED /* ConversionViewController.swift in Sources */,
				D4B36A9F1ED3837000E485ED /* MapViewController.swift in Sources */,
				D4D4435B1ECB53FA00703F08 /* AppDelegate.swift in Sources */,
				D4E824BF1EDDF74600DFCCC0 /* WebViewController.swift in Sources */,
			);
			runOnlyForDeploymentPostprocessing = 0;
		};
		D4D443671ECB53FA00703F08 /* Sources */ = {
			isa = PBXSourcesBuildPhase;
			buildActionMask = 2147483647;
			files = (
				D4D443701ECB53FA00703F08 /* WorldTrotterTests.swift in Sources */,
			);
			runOnlyForDeploymentPostprocessing = 0;
		};
		D4D443721ECB53FA00703F08 /* Sources */ = {
			isa = PBXSourcesBuildPhase;
			buildActionMask = 2147483647;
			files = (
				D4D4437B1ECB53FA00703F08 /* WorldTrotterUITests.swift in Sources */,
			);
			runOnlyForDeploymentPostprocessing = 0;
		};
/* End PBXSourcesBuildPhase section */

/* Begin PBXTargetDependency section */
		D4D4436D1ECB53FA00703F08 /* PBXTargetDependency */ = {
			isa = PBXTargetDependency;
			target = D4D443561ECB53FA00703F08 /* WorldTrotter */;
			targetProxy = D4D4436C1ECB53FA00703F08 /* PBXContainerItemProxy */;
		};
		D4D443781ECB53FA00703F08 /* PBXTargetDependency */ = {
			isa = PBXTargetDependency;
			target = D4D443561ECB53FA00703F08 /* WorldTrotter */;
			targetProxy = D4D443771ECB53FA00703F08 /* PBXContainerItemProxy */;
		};
/* End PBXTargetDependency section */

/* Begin PBXVariantGroup section */
		D4D4435E1ECB53FA00703F08 /* Main.storyboard */ = {
			isa = PBXVariantGroup;
			children = (
				D4D4435F1ECB53FA00703F08 /* Base */,
			);
			name = Main.storyboard;
			sourceTree = "<group>";
		};
		D4D443631ECB53FA00703F08 /* LaunchScreen.storyboard */ = {
			isa = PBXVariantGroup;
			children = (
				D4D443641ECB53FA00703F08 /* Base */,
			);
			name = LaunchScreen.storyboard;
			sourceTree = "<group>";
		};
/* End PBXVariantGroup section */

/* Begin XCBuildConfiguration section */
		D4D4437D1ECB53FA00703F08 /* Debug */ = {
			isa = XCBuildConfiguration;
			buildSettings = {
				ALWAYS_SEARCH_USER_PATHS = NO;
				CLANG_ANALYZER_NONNULL = YES;
				CLANG_ANALYZER_NUMBER_OBJECT_CONVERSION = YES_AGGRESSIVE;
				CLANG_CXX_LANGUAGE_STANDARD = "gnu++0x";
				CLANG_CXX_LIBRARY = "libc++";
				CLANG_ENABLE_MODULES = YES;
				CLANG_ENABLE_OBJC_ARC = YES;
				CLANG_WARN_BOOL_CONVERSION = YES;
				CLANG_WARN_CONSTANT_CONVERSION = YES;
				CLANG_WARN_DIRECT_OBJC_ISA_USAGE = YES_ERROR;
				CLANG_WARN_DOCUMENTATION_COMMENTS = YES;
				CLANG_WARN_EMPTY_BODY = YES;
				CLANG_WARN_ENUM_CONVERSION = YES;
				CLANG_WARN_INFINITE_RECURSION = YES;
				CLANG_WARN_INT_CONVERSION = YES;
				CLANG_WARN_OBJC_ROOT_CLASS = YES_ERROR;
				CLANG_WARN_SUSPICIOUS_MOVE = YES;
				CLANG_WARN_UNREACHABLE_CODE = YES;
				CLANG_WARN__DUPLICATE_METHOD_MATCH = YES;
				"CODE_SIGN_IDENTITY[sdk=iphoneos*]" = "iPhone Developer";
				COPY_PHASE_STRIP = NO;
				DEBUG_INFORMATION_FORMAT = dwarf;
				ENABLE_STRICT_OBJC_MSGSEND = YES;
				ENABLE_TESTABILITY = YES;
				GCC_C_LANGUAGE_STANDARD = gnu99;
				GCC_DYNAMIC_NO_PIC = NO;
				GCC_NO_COMMON_BLOCKS = YES;
				GCC_OPTIMIZATION_LEVEL = 0;
				GCC_PREPROCESSOR_DEFINITIONS = (
					"DEBUG=1",
					"$(inherited)",
				);
				GCC_WARN_64_TO_32_BIT_CONVERSION = YES;
				GCC_WARN_ABOUT_RETURN_TYPE = YES_ERROR;
				GCC_WARN_UNDECLARED_SELECTOR = YES;
				GCC_WARN_UNINITIALIZED_AUTOS = YES_AGGRESSIVE;
				GCC_WARN_UNUSED_FUNCTION = YES;
				GCC_WARN_UNUSED_VARIABLE = YES;
				IPHONEOS_DEPLOYMENT_TARGET = 10.3;
				MTL_ENABLE_DEBUG_INFO = YES;
				ONLY_ACTIVE_ARCH = YES;
				SDKROOT = iphoneos;
				SWIFT_ACTIVE_COMPILATION_CONDITIONS = DEBUG;
				SWIFT_OPTIMIZATION_LEVEL = "-Onone";
				TARGETED_DEVICE_FAMILY = "1,2";
			};
			name = Debug;
		};
		D4D4437E1ECB53FA00703F08 /* Release */ = {
			isa = XCBuildConfiguration;
			buildSettings = {
				ALWAYS_SEARCH_USER_PATHS = NO;
				CLANG_ANALYZER_NONNULL = YES;
				CLANG_ANALYZER_NUMBER_OBJECT_CONVERSION = YES_AGGRESSIVE;
				CLANG_CXX_LANGUAGE_STANDARD = "gnu++0x";
				CLANG_CXX_LIBRARY = "libc++";
				CLANG_ENABLE_MODULES = YES;
				CLANG_ENABLE_OBJC_ARC = YES;
				CLANG_WARN_BOOL_CONVERSION = YES;
				CLANG_WARN_CONSTANT_CONVERSION = YES;
				CLANG_WARN_DIRECT_OBJC_ISA_USAGE = YES_ERROR;
				CLANG_WARN_DOCUMENTATION_COMMENTS = YES;
				CLANG_WARN_EMPTY_BODY = YES;
				CLANG_WARN_ENUM_CONVERSION = YES;
				CLANG_WARN_INFINITE_RECURSION = YES;
				CLANG_WARN_INT_CONVERSION = YES;
				CLANG_WARN_OBJC_ROOT_CLASS = YES_ERROR;
				CLANG_WARN_SUSPICIOUS_MOVE = YES;
				CLANG_WARN_UNREACHABLE_CODE = YES;
				CLANG_WARN__DUPLICATE_METHOD_MATCH = YES;
				"CODE_SIGN_IDENTITY[sdk=iphoneos*]" = "iPhone Developer";
				COPY_PHASE_STRIP = NO;
				DEBUG_INFORMATION_FORMAT = "dwarf-with-dsym";
				ENABLE_NS_ASSERTIONS = NO;
				ENABLE_STRICT_OBJC_MSGSEND = YES;
				GCC_C_LANGUAGE_STANDARD = gnu99;
				GCC_NO_COMMON_BLOCKS = YES;
				GCC_WARN_64_TO_32_BIT_CONVERSION = YES;
				GCC_WARN_ABOUT_RETURN_TYPE = YES_ERROR;
				GCC_WARN_UNDECLARED_SELECTOR = YES;
				GCC_WARN_UNINITIALIZED_AUTOS = YES_AGGRESSIVE;
				GCC_WARN_UNUSED_FUNCTION = YES;
				GCC_WARN_UNUSED_VARIABLE = YES;
				IPHONEOS_DEPLOYMENT_TARGET = 10.3;
				MTL_ENABLE_DEBUG_INFO = NO;
				SDKROOT = iphoneos;
				SWIFT_OPTIMIZATION_LEVEL = "-Owholemodule";
				TARGETED_DEVICE_FAMILY = "1,2";
				VALIDATE_PRODUCT = YES;
			};
			name = Release;
		};
		D4D443801ECB53FA00703F08 /* Debug */ = {
			isa = XCBuildConfiguration;
			buildSettings = {
				ASSETCATALOG_COMPILER_APPICON_NAME = AppIcon;
				INFOPLIST_FILE = WorldTrotter/Info.plist;
				LD_RUNPATH_SEARCH_PATHS = "$(inherited) @executable_path/Frameworks";
				PRODUCT_BUNDLE_IDENTIFIER = com.WorldTrotter;
				PRODUCT_NAME = "$(TARGET_NAME)";
				SWIFT_VERSION = 3.0;
			};
			name = Debug;
		};
		D4D443811ECB53FA00703F08 /* Release */ = {
			isa = XCBuildConfiguration;
			buildSettings = {
				ASSETCATALOG_COMPILER_APPICON_NAME = AppIcon;
				INFOPLIST_FILE = WorldTrotter/Info.plist;
				LD_RUNPATH_SEARCH_PATHS = "$(inherited) @executable_path/Frameworks";
				PRODUCT_BUNDLE_IDENTIFIER = com.WorldTrotter;
				PRODUCT_NAME = "$(TARGET_NAME)";
				SWIFT_VERSION = 3.0;
			};
			name = Release;
		};
		D4D443831ECB53FA00703F08 /* Debug */ = {
			isa = XCBuildConfiguration;
			buildSettings = {
				ALWAYS_EMBED_SWIFT_STANDARD_LIBRARIES = YES;
				BUNDLE_LOADER = "$(TEST_HOST)";
				INFOPLIST_FILE = WorldTrotterTests/Info.plist;
				LD_RUNPATH_SEARCH_PATHS = "$(inherited) @executable_path/Frameworks @loader_path/Frameworks";
				PRODUCT_BUNDLE_IDENTIFIER = com.WorldTrotterTests;
				PRODUCT_NAME = "$(TARGET_NAME)";
				SWIFT_VERSION = 3.0;
				TEST_HOST = "$(BUILT_PRODUCTS_DIR)/WorldTrotter.app/WorldTrotter";
			};
			name = Debug;
		};
		D4D443841ECB53FA00703F08 /* Release */ = {
			isa = XCBuildConfiguration;
			buildSettings = {
				ALWAYS_EMBED_SWIFT_STANDARD_LIBRARIES = YES;
				BUNDLE_LOADER = "$(TEST_HOST)";
				INFOPLIST_FILE = WorldTrotterTests/Info.plist;
				LD_RUNPATH_SEARCH_PATHS = "$(inherited) @executable_path/Frameworks @loader_path/Frameworks";
				PRODUCT_BUNDLE_IDENTIFIER = com.WorldTrotterTests;
				PRODUCT_NAME = "$(TARGET_NAME)";
				SWIFT_VERSION = 3.0;
				TEST_HOST = "$(BUILT_PRODUCTS_DIR)/WorldTrotter.app/WorldTrotter";
			};
			name = Release;
		};
		D4D443861ECB53FA00703F08 /* Debug */ = {
			isa = XCBuildConfiguration;
			buildSettings = {
				ALWAYS_EMBED_SWIFT_STANDARD_LIBRARIES = YES;
				INFOPLIST_FILE = WorldTrotterUITests/Info.plist;
				LD_RUNPATH_SEARCH_PATHS = "$(inherited) @executable_path/Frameworks @loader_path/Frameworks";
				PRODUCT_BUNDLE_IDENTIFIER = com.WorldTrotterUITests;
				PRODUCT_NAME = "$(TARGET_NAME)";
				SWIFT_VERSION = 3.0;
				TEST_TARGET_NAME = WorldTrotter;
			};
			name = Debug;
		};
		D4D443871ECB53FA00703F08 /* Release */ = {
			isa = XCBuildConfiguration;
			buildSettings = {
				ALWAYS_EMBED_SWIFT_STANDARD_LIBRARIES = YES;
				INFOPLIST_FILE = WorldTrotterUITests/Info.plist;
				LD_RUNPATH_SEARCH_PATHS = "$(inherited) @executable_path/Frameworks @loader_path/Frameworks";
				PRODUCT_BUNDLE_IDENTIFIER = com.WorldTrotterUITests;
				PRODUCT_NAME = "$(TARGET_NAME)";
				SWIFT_VERSION = 3.0;
				TEST_TARGET_NAME = WorldTrotter;
			};
			name = Release;
		};
/* End XCBuildConfiguration section */

/* Begin XCConfigurationList section */
		D4D443521ECB53FA00703F08 /* Build configuration list for PBXProject "WorldTrotter" */ = {
			isa = XCConfigurationList;
			buildConfigurations = (
				D4D4437D1ECB53FA00703F08 /* Debug */,
				D4D4437E1ECB53FA00703F08 /* Release */,
			);
			defaultConfigurationIsVisible = 0;
			defaultConfigurationName = Release;
		};
		D4D4437F1ECB53FA00703F08 /* Build configuration list for PBXNativeTarget "WorldTrotter" */ = {
			isa = XCConfigurationList;
			buildConfigurations = (
				D4D443801ECB53FA00703F08 /* Debug */,
				D4D443811ECB53FA00703F08 /* Release */,
			);
			defaultConfigurationIsVisible = 0;
			defaultConfigurationName = Release;
		};
		D4D443821ECB53FA00703F08 /* Build configuration list for PBXNativeTarget "WorldTrotterTests" */ = {
			isa = XCConfigurationList;
			buildConfigurations = (
				D4D443831ECB53FA00703F08 /* Debug */,
				D4D443841ECB53FA00703F08 /* Release */,
			);
			defaultConfigurationIsVisible = 0;
			defaultConfigurationName = Release;
		};
		D4D443851ECB53FA00703F08 /* Build configuration list for PBXNativeTarget "WorldTrotterUITests" */ = {
			isa = XCConfigurationList;
			buildConfigurations = (
				D4D443861ECB53FA00703F08 /* Debug */,
				D4D443871ECB53FA00703F08 /* Release */,
			);
			defaultConfigurationIsVisible = 0;
			defaultConfigurationName = Release;
		};
/* End XCConfigurationList section */
	};
	rootObject = D4D4434F1ECB53FA00703F08 /* Project object */;
}
