// !$*UTF8*$!
{
	archiveVersion = 1;
	classes = {
	};
	objectVersion = 46;
	objects = {

/* Begin PBXBuildFile section */
		D47204E21ECA4E4700580BEE /* AppDelegate.swift in Sources */ = {isa = PBXBuildFile; fileRef = D47204E11ECA4E4700580BEE /* AppDelegate.swift */; };
		D47204E41ECA4E4700580BEE /* ViewController.swift in Sources */ = {isa = PBXBuildFile; fileRef = D47204E31ECA4E4700580BEE /* ViewController.swift */; };
		D47204E71ECA4E4700580BEE /* Main.storyboard in Resources */ = {isa = PBXBuildFile; fileRef = D47204E51ECA4E4700580BEE /* Main.storyboard */; };
		D47204E91ECA4E4700580BEE /* Assets.xcassets in Resources */ = {isa = PBXBuildFile; fileRef = D47204E81ECA4E4700580BEE /* Assets.xcassets */; };
		D47204EC1ECA4E4700580BEE /* LaunchScreen.storyboard in Resources */ = {isa = PBXBuildFile; fileRef = D47204EA1ECA4E4700580BEE /* LaunchScreen.storyboard */; };
		D47204F71ECA4E4700580BEE /* QuizTests.swift in Sources */ = {isa = PBXBuildFile; fileRef = D47204F61ECA4E4700580BEE /* QuizTests.swift */; };
		D47205021ECA4E4700580BEE /* QuizUITests.swift in Sources */ = {isa = PBXBuildFile; fileRef = D47205011ECA4E4700580BEE /* QuizUITests.swift */; };
/* End PBXBuildFile section */

/* Begin PBXContainerItemProxy section */
		D47204F31ECA4E4700580BEE /* PBXContainerItemProxy */ = {
			isa = PBXContainerItemProxy;
			containerPortal = D47204D61ECA4E4700580BEE /* Project object */;
			proxyType = 1;
			remoteGlobalIDString = D47204DD1ECA4E4700580BEE;
			remoteInfo = Quiz;
		};
		D47204FE1ECA4E4700580BEE /* PBXContainerItemProxy */ = {
			isa = PBXContainerItemProxy;
			containerPortal = D47204D61ECA4E4700580BEE /* Project object */;
			proxyType = 1;
			remoteGlobalIDString = D47204DD1ECA4E4700580BEE;
			remoteInfo = Quiz;
		};
/* End PBXContainerItemProxy section */

/* Begin PBXFileReference section */
		D47204DE1ECA4E4700580BEE /* Quiz.app */ = {isa = PBXFileReference; explicitFileType = wrapper.application; includeInIndex = 0; path = Quiz.app; sourceTree = BUILT_PRODUCTS_DIR; };
		D47204E11ECA4E4700580BEE /* AppDelegate.swift */ = {isa = PBXFileReference; lastKnownFileType = sourcecode.swift; path = AppDelegate.swift; sourceTree = "<group>"; };
		D47204E31ECA4E4700580BEE /* ViewController.swift */ = {isa = PBXFileReference; lastKnownFileType = sourcecode.swift; path = ViewController.swift; sourceTree = "<group>"; };
		D47204E61ECA4E4700580BEE /* Base */ = {isa = PBXFileReference; lastKnownFileType = file.storyboard; name = Base; path = Base.lproj/Main.storyboard; sourceTree = "<group>"; };
		D47204E81ECA4E4700580BEE /* Assets.xcassets */ = {isa = PBXFileReference; lastKnownFileType = folder.assetcatalog; path = Assets.xcassets; sourceTree = "<group>"; };
		D47204EB1ECA4E4700580BEE /* Base */ = {isa = PBXFileReference; lastKnownFileType = file.storyboard; name = Base; path = Base.lproj/LaunchScreen.storyboard; sourceTree = "<group>"; };
		D47204ED1ECA4E4700580BEE /* Info.plist */ = {isa = PBXFileReference; lastKnownFileType = text.plist.xml; path = Info.plist; sourceTree = "<group>"; };
		D47204F21ECA4E4700580BEE /* QuizTests.xctest */ = {isa = PBXFileReference; explicitFileType = wrapper.cfbundle; includeInIndex = 0; path = QuizTests.xctest; sourceTree = BUILT_PRODUCTS_DIR; };
		D47204F61ECA4E4700580BEE /* QuizTests.swift */ = {isa = PBXFileReference; lastKnownFileType = sourcecode.swift; path = QuizTests.swift; sourceTree = "<group>"; };
		D47204F81ECA4E4700580BEE /* Info.plist */ = {isa = PBXFileReference; lastKnownFileType = text.plist.xml; path = Info.plist; sourceTree = "<group>"; };
		D47204FD1ECA4E4700580BEE /* QuizUITests.xctest */ = {isa = PBXFileReference; explicitFileType = wrapper.cfbundle; includeInIndex = 0; path = QuizUITests.xctest; sourceTree = BUILT_PRODUCTS_DIR; };
		D47205011ECA4E4700580BEE /* QuizUITests.swift */ = {isa = PBXFileReference; lastKnownFileType = sourcecode.swift; path = QuizUITests.swift; sourceTree = "<group>"; };
		D47205031ECA4E4700580BEE /* Info.plist */ = {isa = PBXFileReference; lastKnownFileType = text.plist.xml; path = Info.plist; sourceTree = "<group>"; };
/* End PBXFileReference section */

/* Begin PBXFrameworksBuildPhase section */
		D47204DB1ECA4E4700580BEE /* Frameworks */ = {
			isa = PBXFrameworksBuildPhase;
			buildActionMask = 2147483647;
			files = (
			);
			runOnlyForDeploymentPostprocessing = 0;
		};
		D47204EF1ECA4E4700580BEE /* Frameworks */ = {
			isa = PBXFrameworksBuildPhase;
			buildActionMask = 2147483647;
			files = (
			);
			runOnlyForDeploymentPostprocessing = 0;
		};
		D47204FA1ECA4E4700580BEE /* Frameworks */ = {
			isa = PBXFrameworksBuildPhase;
			buildActionMask = 2147483647;
			files = (
			);
			runOnlyForDeploymentPostprocessing = 0;
		};
/* End PBXFrameworksBuildPhase section */

/* Begin PBXGroup section */
		D47204D51ECA4E4700580BEE = {
			isa = PBXGroup;
			children = (
				D47204E01ECA4E4700580BEE /* Quiz */,
				D47204F51ECA4E4700580BEE /* QuizTests */,
				D47205001ECA4E4700580BEE /* QuizUITests */,
				D47204DF1ECA4E4700580BEE /* Products */,
			);
			sourceTree = "<group>";
		};
		D47204DF1ECA4E4700580BEE /* Products */ = {
			isa = PBXGroup;
			children = (
				D47204DE1ECA4E4700580BEE /* Quiz.app */,
				D47204F21ECA4E4700580BEE /* QuizTests.xctest */,
				D47204FD1ECA4E4700580BEE /* QuizUITests.xctest */,
			);
			name = Products;
			sourceTree = "<group>";
		};
		D47204E01ECA4E4700580BEE /* Quiz */ = {
			isa = PBXGroup;
			children = (
				D47204E11ECA4E4700580BEE /* AppDelegate.swift */,
				D47204E31ECA4E4700580BEE /* ViewController.swift */,
				D47204E51ECA4E4700580BEE /* Main.storyboard */,
				D47204E81ECA4E4700580BEE /* Assets.xcassets */,
				D47204EA1ECA4E4700580BEE /* LaunchScreen.storyboard */,
				D47204ED1ECA4E4700580BEE /* Info.plist */,
			);
			path = Quiz;
			sourceTree = "<group>";
		};
		D47204F51ECA4E4700580BEE /* QuizTests */ = {
			isa = PBXGroup;
			children = (
				D47204F61ECA4E4700580BEE /* QuizTests.swift */,
				D47204F81ECA4E4700580BEE /* Info.plist */,
			);
			path = QuizTests;
			sourceTree = "<group>";
		};
		D47205001ECA4E4700580BEE /* QuizUITests */ = {
			isa = PBXGroup;
			children = (
				D47205011ECA4E4700580BEE /* QuizUITests.swift */,
				D47205031ECA4E4700580BEE /* Info.plist */,
			);
			path = QuizUITests;
			sourceTree = "<group>";
		};
/* End PBXGroup section */

/* Begin PBXNativeTarget section */
		D47204DD1ECA4E4700580BEE /* Quiz */ = {
			isa = PBXNativeTarget;
			buildConfigurationList = D47205061ECA4E4700580BEE /* Build configuration list for PBXNativeTarget "Quiz" */;
			buildPhases = (
				D47204DA1ECA4E4700580BEE /* Sources */,
				D47204DB1ECA4E4700580BEE /* Frameworks */,
				D47204DC1ECA4E4700580BEE /* Resources */,
			);
			buildRules = (
			);
			dependencies = (
			);
			name = Quiz;
			productName = Quiz;
			productReference = D47204DE1ECA4E4700580BEE /* Quiz.app */;
			productType = "com.apple.product-type.application";
		};
		D47204F11ECA4E4700580BEE /* QuizTests */ = {
			isa = PBXNativeTarget;
			buildConfigurationList = D47205091ECA4E4700580BEE /* Build configuration list for PBXNativeTarget "QuizTests" */;
			buildPhases = (
				D47204EE1ECA4E4700580BEE /* Sources */,
				D47204EF1ECA4E4700580BEE /* Frameworks */,
				D47204F01ECA4E4700580BEE /* Resources */,
			);
			buildRules = (
			);
			dependencies = (
				D47204F41ECA4E4700580BEE /* PBXTargetDependency */,
			);
			name = QuizTests;
			productName = QuizTests;
			productReference = D47204F21ECA4E4700580BEE /* QuizTests.xctest */;
			productType = "com.apple.product-type.bundle.unit-test";
		};
		D47204FC1ECA4E4700580BEE /* QuizUITests */ = {
			isa = PBXNativeTarget;
			buildConfigurationList = D472050C1ECA4E4700580BEE /* Build configuration list for PBXNativeTarget "QuizUITests" */;
			buildPhases = (
				D47204F91ECA4E4700580BEE /* Sources */,
				D47204FA1ECA4E4700580BEE /* Frameworks */,
				D47204FB1ECA4E4700580BEE /* Resources */,
			);
			buildRules = (
			);
			dependencies = (
				D47204FF1ECA4E4700580BEE /* PBXTargetDependency */,
			);
			name = QuizUITests;
			productName = QuizUITests;
			productReference = D47204FD1ECA4E4700580BEE /* QuizUITests.xctest */;
			productType = "com.apple.product-type.bundle.ui-testing";
		};
/* End PBXNativeTarget section */

/* Begin PBXProject section */
		D47204D61ECA4E4700580BEE /* Project object */ = {
			isa = PBXProject;
			attributes = {
				LastSwiftUpdateCheck = 0830;
				LastUpgradeCheck = 0830;
				ORGANIZATIONNAME = "Robert Wong";
				TargetAttributes = {
					D47204DD1ECA4E4700580BEE = {
						CreatedOnToolsVersion = 8.3.2;
						ProvisioningStyle = Automatic;
					};
					D47204F11ECA4E4700580BEE = {
						CreatedOnToolsVersion = 8.3.2;
						ProvisioningStyle = Automatic;
						TestTargetID = D47204DD1ECA4E4700580BEE;
					};
					D47204FC1ECA4E4700580BEE = {
						CreatedOnToolsVersion = 8.3.2;
						ProvisioningStyle = Automatic;
						TestTargetID = D47204DD1ECA4E4700580BEE;
					};
				};
			};
			buildConfigurationList = D47204D91ECA4E4700580BEE /* Build configuration list for PBXProject "Quiz" */;
			compatibilityVersion = "Xcode 3.2";
			developmentRegion = English;
			hasScannedForEncodings = 0;
			knownRegions = (
				en,
				Base,
			);
			mainGroup = D47204D51ECA4E4700580BEE;
			productRefGroup = D47204DF1ECA4E4700580BEE /* Products */;
			projectDirPath = "";
			projectRoot = "";
			targets = (
				D47204DD1ECA4E4700580BEE /* Quiz */,
				D47204F11ECA4E4700580BEE /* QuizTests */,
				D47204FC1ECA4E4700580BEE /* QuizUITests */,
			);
		};
/* End PBXProject section */

/* Begin PBXResourcesBuildPhase section */
		D47204DC1ECA4E4700580BEE /* Resources */ = {
			isa = PBXResourcesBuildPhase;
			buildActionMask = 2147483647;
			files = (
				D47204EC1ECA4E4700580BEE /* LaunchScreen.storyboard in Resources */,
				D47204E91ECA4E4700580BEE /* Assets.xcassets in Resources */,
				D47204E71ECA4E4700580BEE /* Main.storyboard in Resources */,
			);
			runOnlyForDeploymentPostprocessing = 0;
		};
		D47204F01ECA4E4700580BEE /* Resources */ = {
			isa = PBXResourcesBuildPhase;
			buildActionMask = 2147483647;
			files = (
			);
			runOnlyForDeploymentPostprocessing = 0;
		};
		D47204FB1ECA4E4700580BEE /* Resources */ = {
			isa = PBXResourcesBuildPhase;
			buildActionMask = 2147483647;
			files = (
			);
			runOnlyForDeploymentPostprocessing = 0;
		};
/* End PBXResourcesBuildPhase section */

/* Begin PBXSourcesBuildPhase section */
		D47204DA1ECA4E4700580BEE /* Sources */ = {
			isa = PBXSourcesBuildPhase;
			buildActionMask = 2147483647;
			files = (
				D47204E41ECA4E4700580BEE /* ViewController.swift in Sources */,
				D47204E21ECA4E4700580BEE /* AppDelegate.swift in Sources */,
			);
			runOnlyForDeploymentPostprocessing = 0;
		};
		D47204EE1ECA4E4700580BEE /* Sources */ = {
			isa = PBXSourcesBuildPhase;
			buildActionMask = 2147483647;
			files = (
				D47204F71ECA4E4700580BEE /* QuizTests.swift in Sources */,
			);
			runOnlyForDeploymentPostprocessing = 0;
		};
		D47204F91ECA4E4700580BEE /* Sources */ = {
			isa = PBXSourcesBuildPhase;
			buildActionMask = 2147483647;
			files = (
				D47205021ECA4E4700580BEE /* QuizUITests.swift in Sources */,
			);
			runOnlyForDeploymentPostprocessing = 0;
		};
/* End PBXSourcesBuildPhase section */

/* Begin PBXTargetDependency section */
		D47204F41ECA4E4700580BEE /* PBXTargetDependency */ = {
			isa = PBXTargetDependency;
			target = D47204DD1ECA4E4700580BEE /* Quiz */;
			targetProxy = D47204F31ECA4E4700580BEE /* PBXContainerItemProxy */;
		};
		D47204FF1ECA4E4700580BEE /* PBXTargetDependency */ = {
			isa = PBXTargetDependency;
			target = D47204DD1ECA4E4700580BEE /* Quiz */;
			targetProxy = D47204FE1ECA4E4700580BEE /* PBXContainerItemProxy */;
		};
/* End PBXTargetDependency section */

/* Begin PBXVariantGroup section */
		D47204E51ECA4E4700580BEE /* Main.storyboard */ = {
			isa = PBXVariantGroup;
			children = (
				D47204E61ECA4E4700580BEE /* Base */,
			);
			name = Main.storyboard;
			sourceTree = "<group>";
		};
		D47204EA1ECA4E4700580BEE /* LaunchScreen.storyboard */ = {
			isa = PBXVariantGroup;
			children = (
				D47204EB1ECA4E4700580BEE /* Base */,
			);
			name = LaunchScreen.storyboard;
			sourceTree = "<group>";
		};
/* End PBXVariantGroup section */

/* Begin XCBuildConfiguration section */
		D47205041ECA4E4700580BEE /* Debug */ = {
			isa = XCBuildConfiguration;
			buildSettings = {
				ALWAYS_SEARCH_USER_PATHS = NO;
				CLANG_ANALYZER_NONNULL = YES;
				CLANG_ANALYZER_NUMBER_OBJECT_CONVERSION = YES_AGGRESSIVE;
				CLANG_CXX_LANGUAGE_STANDARD = "gnu++0x";
				CLANG_CXX_LIBRARY = "libc++";
				CLANG_ENABLE_MODULES = YES;
				CLANG_ENABLE_OBJC_ARC = YES;
				CLANG_WARN_BOOL_CONVERSION = YES;
				CLANG_WARN_CONSTANT_CONVERSION = YES;
				CLANG_WARN_DIRECT_OBJC_ISA_USAGE = YES_ERROR;
				CLANG_WARN_DOCUMENTATION_COMMENTS = YES;
				CLANG_WARN_EMPTY_BODY = YES;
				CLANG_WARN_ENUM_CONVERSION = YES;
				CLANG_WARN_INFINITE_RECURSION = YES;
				CLANG_WARN_INT_CONVERSION = YES;
				CLANG_WARN_OBJC_ROOT_CLASS = YES_ERROR;
				CLANG_WARN_SUSPICIOUS_MOVE = YES;
				CLANG_WARN_UNREACHABLE_CODE = YES;
				CLANG_WARN__DUPLICATE_METHOD_MATCH = YES;
				"CODE_SIGN_IDENTITY[sdk=iphoneos*]" = "iPhone Developer";
				COPY_PHASE_STRIP = NO;
				DEBUG_INFORMATION_FORMAT = dwarf;
				ENABLE_STRICT_OBJC_MSGSEND = YES;
				ENABLE_TESTABILITY = YES;
				GCC_C_LANGUAGE_STANDARD = gnu99;
				GCC_DYNAMIC_NO_PIC = NO;
				GCC_NO_COMMON_BLOCKS = YES;
				GCC_OPTIMIZATION_LEVEL = 0;
				GCC_PREPROCESSOR_DEFINITIONS = (
					"DEBUG=1",
					"$(inherited)",
				);
				GCC_WARN_64_TO_32_BIT_CONVERSION = YES;
				GCC_WARN_ABOUT_RETURN_TYPE = YES_ERROR;
				GCC_WARN_UNDECLARED_SELECTOR = YES;
				GCC_WARN_UNINITIALIZED_AUTOS = YES_AGGRESSIVE;
				GCC_WARN_UNUSED_FUNCTION = YES;
				GCC_WARN_UNUSED_VARIABLE = YES;
				IPHONEOS_DEPLOYMENT_TARGET = 10.3;
				MTL_ENABLE_DEBUG_INFO = YES;
				ONLY_ACTIVE_ARCH = YES;
				SDKROOT = iphoneos;
				SWIFT_ACTIVE_COMPILATION_CONDITIONS = DEBUG;
				SWIFT_OPTIMIZATION_LEVEL = "-Onone";
				TARGETED_DEVICE_FAMILY = "1,2";
			};
			name = Debug;
		};
		D47205051ECA4E4700580BEE /* Release */ = {
			isa = XCBuildConfiguration;
			buildSettings = {
				ALWAYS_SEARCH_USER_PATHS = NO;
				CLANG_ANALYZER_NONNULL = YES;
				CLANG_ANALYZER_NUMBER_OBJECT_CONVERSION = YES_AGGRESSIVE;
				CLANG_CXX_LANGUAGE_STANDARD = "gnu++0x";
				CLANG_CXX_LIBRARY = "libc++";
				CLANG_ENABLE_MODULES = YES;
				CLANG_ENABLE_OBJC_ARC = YES;
				CLANG_WARN_BOOL_CONVERSION = YES;
				CLANG_WARN_CONSTANT_CONVERSION = YES;
				CLANG_WARN_DIRECT_OBJC_ISA_USAGE = YES_ERROR;
				CLANG_WARN_DOCUMENTATION_COMMENTS = YES;
				CLANG_WARN_EMPTY_BODY = YES;
				CLANG_WARN_ENUM_CONVERSION = YES;
				CLANG_WARN_INFINITE_RECURSION = YES;
				CLANG_WARN_INT_CONVERSION = YES;
				CLANG_WARN_OBJC_ROOT_CLASS = YES_ERROR;
				CLANG_WARN_SUSPICIOUS_MOVE = YES;
				CLANG_WARN_UNREACHABLE_CODE = YES;
				CLANG_WARN__DUPLICATE_METHOD_MATCH = YES;
				"CODE_SIGN_IDENTITY[sdk=iphoneos*]" = "iPhone Developer";
				COPY_PHASE_STRIP = NO;
				DEBUG_INFORMATION_FORMAT = "dwarf-with-dsym";
				ENABLE_NS_ASSERTIONS = NO;
				ENABLE_STRICT_OBJC_MSGSEND = YES;
				GCC_C_LANGUAGE_STANDARD = gnu99;
				GCC_NO_COMMON_BLOCKS = YES;
				GCC_WARN_64_TO_32_BIT_CONVERSION = YES;
				GCC_WARN_ABOUT_RETURN_TYPE = YES_ERROR;
				GCC_WARN_UNDECLARED_SELECTOR = YES;
				GCC_WARN_UNINITIALIZED_AUTOS = YES_AGGRESSIVE;
				GCC_WARN_UNUSED_FUNCTION = YES;
				GCC_WARN_UNUSED_VARIABLE = YES;
				IPHONEOS_DEPLOYMENT_TARGET = 10.3;
				MTL_ENABLE_DEBUG_INFO = NO;
				SDKROOT = iphoneos;
				SWIFT_OPTIMIZATION_LEVEL = "-Owholemodule";
				TARGETED_DEVICE_FAMILY = "1,2";
				VALIDATE_PRODUCT = YES;
			};
			name = Release;
		};
		D47205071ECA4E4700580BEE /* Debug */ = {
			isa = XCBuildConfiguration;
			buildSettings = {
				ASSETCATALOG_COMPILER_APPICON_NAME = AppIcon;
				INFOPLIST_FILE = Quiz/Info.plist;
				LD_RUNPATH_SEARCH_PATHS = "$(inherited) @executable_path/Frameworks";
				PRODUCT_BUNDLE_IDENTIFIER = com.quiz.Quiz;
				PRODUCT_NAME = "$(TARGET_NAME)";
				SWIFT_VERSION = 3.0;
			};
			name = Debug;
		};
		D47205081ECA4E4700580BEE /* Release */ = {
			isa = XCBuildConfiguration;
			buildSettings = {
				ASSETCATALOG_COMPILER_APPICON_NAME = AppIcon;
				INFOPLIST_FILE = Quiz/Info.plist;
				LD_RUNPATH_SEARCH_PATHS = "$(inherited) @executable_path/Frameworks";
				PRODUCT_BUNDLE_IDENTIFIER = com.quiz.Quiz;
				PRODUCT_NAME = "$(TARGET_NAME)";
				SWIFT_VERSION = 3.0;
			};
			name = Release;
		};
		D472050A1ECA4E4700580BEE /* Debug */ = {
			isa = XCBuildConfiguration;
			buildSettings = {
				ALWAYS_EMBED_SWIFT_STANDARD_LIBRARIES = YES;
				BUNDLE_LOADER = "$(TEST_HOST)";
				INFOPLIST_FILE = QuizTests/Info.plist;
				LD_RUNPATH_SEARCH_PATHS = "$(inherited) @executable_path/Frameworks @loader_path/Frameworks";
				PRODUCT_BUNDLE_IDENTIFIER = com.quiz.QuizTests;
				PRODUCT_NAME = "$(TARGET_NAME)";
				SWIFT_VERSION = 3.0;
				TEST_HOST = "$(BUILT_PRODUCTS_DIR)/Quiz.app/Quiz";
			};
			name = Debug;
		};
		D472050B1ECA4E4700580BEE /* Release */ = {
			isa = XCBuildConfiguration;
			buildSettings = {
				ALWAYS_EMBED_SWIFT_STANDARD_LIBRARIES = YES;
				BUNDLE_LOADER = "$(TEST_HOST)";
				INFOPLIST_FILE = QuizTests/Info.plist;
				LD_RUNPATH_SEARCH_PATHS = "$(inherited) @executable_path/Frameworks @loader_path/Frameworks";
				PRODUCT_BUNDLE_IDENTIFIER = com.quiz.QuizTests;
				PRODUCT_NAME = "$(TARGET_NAME)";
				SWIFT_VERSION = 3.0;
				TEST_HOST = "$(BUILT_PRODUCTS_DIR)/Quiz.app/Quiz";
			};
			name = Release;
		};
		D472050D1ECA4E4700580BEE /* Debug */ = {
			isa = XCBuildConfiguration;
			buildSettings = {
				ALWAYS_EMBED_SWIFT_STANDARD_LIBRARIES = YES;
				INFOPLIST_FILE = QuizUITests/Info.plist;
				LD_RUNPATH_SEARCH_PATHS = "$(inherited) @executable_path/Frameworks @loader_path/Frameworks";
				PRODUCT_BUNDLE_IDENTIFIER = com.quiz.QuizUITests;
				PRODUCT_NAME = "$(TARGET_NAME)";
				SWIFT_VERSION = 3.0;
				TEST_TARGET_NAME = Quiz;
			};
			name = Debug;
		};
		D472050E1ECA4E4700580BEE /* Release */ = {
			isa = XCBuildConfiguration;
			buildSettings = {
				ALWAYS_EMBED_SWIFT_STANDARD_LIBRARIES = YES;
				INFOPLIST_FILE = QuizUITests/Info.plist;
				LD_RUNPATH_SEARCH_PATHS = "$(inherited) @executable_path/Frameworks @loader_path/Frameworks";
				PRODUCT_BUNDLE_IDENTIFIER = com.quiz.QuizUITests;
				PRODUCT_NAME = "$(TARGET_NAME)";
				SWIFT_VERSION = 3.0;
				TEST_TARGET_NAME = Quiz;
			};
			name = Release;
		};
/* End XCBuildConfiguration section */

/* Begin XCConfigurationList section */
		D47204D91ECA4E4700580BEE /* Build configuration list for PBXProject "Quiz" */ = {
			isa = XCConfigurationList;
			buildConfigurations = (
				D47205041ECA4E4700580BEE /* Debug */,
				D47205051ECA4E4700580BEE /* Release */,
			);
			defaultConfigurationIsVisible = 0;
			defaultConfigurationName = Release;
		};
		D47205061ECA4E4700580BEE /* Build configuration list for PBXNativeTarget "Quiz" */ = {
			isa = XCConfigurationList;
			buildConfigurations = (
				D47205071ECA4E4700580BEE /* Debug */,
				D47205081ECA4E4700580BEE /* Release */,
			);
			defaultConfigurationIsVisible = 0;
		};
		D47205091ECA4E4700580BEE /* Build configuration list for PBXNativeTarget "QuizTests" */ = {
			isa = XCConfigurationList;
			buildConfigurations = (
				D472050A1ECA4E4700580BEE /* Debug */,
				D472050B1ECA4E4700580BEE /* Release */,
			);
			defaultConfigurationIsVisible = 0;
		};
		D472050C1ECA4E4700580BEE /* Build configuration list for PBXNativeTarget "QuizUITests" */ = {
			isa = XCConfigurationList;
			buildConfigurations = (
				D472050D1ECA4E4700580BEE /* Debug */,
				D472050E1ECA4E4700580BEE /* Release */,
			);
			defaultConfigurationIsVisible = 0;
		};
/* End XCConfigurationList section */
	};
	rootObject = D47204D61ECA4E4700580BEE /* Project object */;
}
